// !$*UTF8*$!
{
	archiveVersion = 1;
	classes = {
	};
	objectVersion = 45;
	objects = {

/* Begin PBXBuildFile section */
		8DD76F6A0486A84900D96B5E /* TestSuite.1 in CopyFiles */ = {isa = PBXBuildFile; fileRef = C6859E8B029090EE04C91782 /* TestSuite.1 */; };
		BA01440512318DD6002575BA /* internalJSONNode.cpp in Sources */ = {isa = PBXBuildFile; fileRef = BA0143C912318DD6002575BA /* internalJSONNode.cpp */; };
		BA01440612318DD6002575BA /* JSON_Base64.cpp in Sources */ = {isa = PBXBuildFile; fileRef = BA0143CB12318DD6002575BA /* JSON_Base64.cpp */; };
		BA01440712318DD6002575BA /* JSONChildren.cpp in Sources */ = {isa = PBXBuildFile; fileRef = BA0143CD12318DD6002575BA /* JSONChildren.cpp */; };
		BA01440812318DD6002575BA /* JSONDebug.cpp in Sources */ = {isa = PBXBuildFile; fileRef = BA0143CF12318DD6002575BA /* JSONDebug.cpp */; };
		BA01440912318DD6002575BA /* JSONIterators.cpp in Sources */ = {isa = PBXBuildFile; fileRef = BA0143D212318DD6002575BA /* JSONIterators.cpp */; };
		BA01440A12318DD6002575BA /* JSONMemory.cpp in Sources */ = {isa = PBXBuildFile; fileRef = BA0143D312318DD6002575BA /* JSONMemory.cpp */; };
		BA01440B12318DD6002575BA /* JSONNode.cpp in Sources */ = {isa = PBXBuildFile; fileRef = BA0143D512318DD6002575BA /* JSONNode.cpp */; };
		BA01440C12318DD6002575BA /* JSONNode_Mutex.cpp in Sources */ = {isa = PBXBuildFile; fileRef = BA0143D712318DD6002575BA /* JSONNode_Mutex.cpp */; };
		BA01440D12318DD6002575BA /* JSONWorker.cpp in Sources */ = {isa = PBXBuildFile; fileRef = BA0143D812318DD6002575BA /* JSONWorker.cpp */; };
		BA01440E12318DD6002575BA /* JSONWriter.cpp in Sources */ = {isa = PBXBuildFile; fileRef = BA0143DA12318DD6002575BA /* JSONWriter.cpp */; };
		BA01440F12318DD6002575BA /* libJSON.cpp in Sources */ = {isa = PBXBuildFile; fileRef = BA0143DB12318DD6002575BA /* libJSON.cpp */; };
		BA01441012318DD6002575BA /* main.cpp in Sources */ = {isa = PBXBuildFile; fileRef = BA0143EE12318DD6002575BA /* main.cpp */; };
		BA01441112318DD6002575BA /* TestAssign.cpp in Sources */ = {isa = PBXBuildFile; fileRef = BA0143EF12318DD6002575BA /* TestAssign.cpp */; };
		BA01441212318DD6002575BA /* TestChildren.cpp in Sources */ = {isa = PBXBuildFile; fileRef = BA0143F012318DD6002575BA /* TestChildren.cpp */; };
		BA01441312318DD6002575BA /* TestComments.cpp in Sources */ = {isa = PBXBuildFile; fileRef = BA0143F112318DD6002575BA /* TestComments.cpp */; };
		BA01441412318DD6002575BA /* TestConverters.cpp in Sources */ = {isa = PBXBuildFile; fileRef = BA0143F212318DD6002575BA /* TestConverters.cpp */; };
		BA01441512318DD6002575BA /* TestCtors.cpp in Sources */ = {isa = PBXBuildFile; fileRef = BA0143F312318DD6002575BA /* TestCtors.cpp */; };
		BA01441612318DD6002575BA /* TestEquality.cpp in Sources */ = {isa = PBXBuildFile; fileRef = BA0143F412318DD6002575BA /* TestEquality.cpp */; };
		BA01441712318DD6002575BA /* TestFunctions.cpp in Sources */ = {isa = PBXBuildFile; fileRef = BA0143F512318DD6002575BA /* TestFunctions.cpp */; };
		BA01441812318DD6002575BA /* TestInequality.cpp in Sources */ = {isa = PBXBuildFile; fileRef = BA0143F612318DD6002575BA /* TestInequality.cpp */; };
		BA01441912318DD6002575BA /* TestInspectors.cpp in Sources */ = {isa = PBXBuildFile; fileRef = BA0143F712318DD6002575BA /* TestInspectors.cpp */; };
		BA01441A12318DD6002575BA /* TestIterators.cpp in Sources */ = {isa = PBXBuildFile; fileRef = BA0143F812318DD6002575BA /* TestIterators.cpp */; };
		BA01441B12318DD6002575BA /* TestMutex.cpp in Sources */ = {isa = PBXBuildFile; fileRef = BA0143F912318DD6002575BA /* TestMutex.cpp */; };
		BA01441C12318DD6002575BA /* TestNamespace.cpp in Sources */ = {isa = PBXBuildFile; fileRef = BA0143FA12318DD6002575BA /* TestNamespace.cpp */; };
		BA01441D12318DD6002575BA /* TestRefCounting.cpp in Sources */ = {isa = PBXBuildFile; fileRef = BA0143FB12318DD6002575BA /* TestRefCounting.cpp */; };
		BA01441E12318DD6002575BA /* TestSuite.cpp in Sources */ = {isa = PBXBuildFile; fileRef = BA0143FD12318DD6002575BA /* TestSuite.cpp */; };
		BA01441F12318DD6002575BA /* TestWriter.cpp in Sources */ = {isa = PBXBuildFile; fileRef = BA01440212318DD6002575BA /* TestWriter.cpp */; };
		BA01442012318DD6002575BA /* UnitTest.cpp in Sources */ = {isa = PBXBuildFile; fileRef = BA01440312318DD6002575BA /* UnitTest.cpp */; };
/* End PBXBuildFile section */

/* Begin PBXCopyFilesBuildPhase section */
		8DD76F690486A84900D96B5E /* CopyFiles */ = {
			isa = PBXCopyFilesBuildPhase;
			buildActionMask = 8;
			dstPath = /usr/share/man/man1/;
			dstSubfolderSpec = 0;
			files = (
				8DD76F6A0486A84900D96B5E /* TestSuite.1 in CopyFiles */,
			);
			runOnlyForDeploymentPostprocessing = 1;
		};
/* End PBXCopyFilesBuildPhase section */

/* Begin PBXFileReference section */
		8DD76F6C0486A84900D96B5E /* TestSuite */ = {isa = PBXFileReference; explicitFileType = "compiled.mach-o.executable"; includeInIndex = 0; path = TestSuite; sourceTree = BUILT_PRODUCTS_DIR; };
		BA0143C612318DD6002575BA /* JSONOptions.h */ = {isa = PBXFileReference; fileEncoding = 4; lastKnownFileType = sourcecode.c.h; name = JSONOptions.h; path = ../JSONOptions.h; sourceTree = SOURCE_ROOT; };
		BA0143C712318DD6002575BA /* libJSON.h */ = {isa = PBXFileReference; fileEncoding = 4; lastKnownFileType = sourcecode.c.h; name = libJSON.h; path = ../libJSON.h; sourceTree = SOURCE_ROOT; };
		BA0143C912318DD6002575BA /* internalJSONNode.cpp */ = {isa = PBXFileReference; fileEncoding = 4; lastKnownFileType = sourcecode.cpp.cpp; path = internalJSONNode.cpp; sourceTree = "<group>"; };
		BA0143CA12318DD6002575BA /* internalJSONNode.h */ = {isa = PBXFileReference; fileEncoding = 4; lastKnownFileType = sourcecode.c.h; path = internalJSONNode.h; sourceTree = "<group>"; };
		BA0143CB12318DD6002575BA /* JSON_Base64.cpp */ = {isa = PBXFileReference; fileEncoding = 4; lastKnownFileType = sourcecode.cpp.cpp; path = JSON_Base64.cpp; sourceTree = "<group>"; };
		BA0143CC12318DD6002575BA /* JSON_Base64.h */ = {isa = PBXFileReference; fileEncoding = 4; lastKnownFileType = sourcecode.c.h; path = JSON_Base64.h; sourceTree = "<group>"; };
		BA0143CD12318DD6002575BA /* JSONChildren.cpp */ = {isa = PBXFileReference; fileEncoding = 4; lastKnownFileType = sourcecode.cpp.cpp; path = JSONChildren.cpp; sourceTree = "<group>"; };
		BA0143CE12318DD6002575BA /* JSONChildren.h */ = {isa = PBXFileReference; fileEncoding = 4; lastKnownFileType = sourcecode.c.h; path = JSONChildren.h; sourceTree = "<group>"; };
		BA0143CF12318DD6002575BA /* JSONDebug.cpp */ = {isa = PBXFileReference; fileEncoding = 4; lastKnownFileType = sourcecode.cpp.cpp; path = JSONDebug.cpp; sourceTree = "<group>"; };
		BA0143D012318DD6002575BA /* JSONDebug.h */ = {isa = PBXFileReference; fileEncoding = 4; lastKnownFileType = sourcecode.c.h; path = JSONDebug.h; sourceTree = "<group>"; };
		BA0143D112318DD6002575BA /* JSONDefs.h */ = {isa = PBXFileReference; fileEncoding = 4; lastKnownFileType = sourcecode.c.h; path = JSONDefs.h; sourceTree = "<group>"; };
		BA0143D212318DD6002575BA /* JSONIterators.cpp */ = {isa = PBXFileReference; fileEncoding = 4; lastKnownFileType = sourcecode.cpp.cpp; path = JSONIterators.cpp; sourceTree = "<group>"; };
		BA0143D312318DD6002575BA /* JSONMemory.cpp */ = {isa = PBXFileReference; fileEncoding = 4; lastKnownFileType = sourcecode.cpp.cpp; path = JSONMemory.cpp; sourceTree = "<group>"; };
		BA0143D412318DD6002575BA /* JSONMemory.h */ = {isa = PBXFileReference; fileEncoding = 4; lastKnownFileType = sourcecode.c.h; path = JSONMemory.h; sourceTree = "<group>"; };
		BA0143D512318DD6002575BA /* JSONNode.cpp */ = {isa = PBXFileReference; fileEncoding = 4; lastKnownFileType = sourcecode.cpp.cpp; path = JSONNode.cpp; sourceTree = "<group>"; };
		BA0143D612318DD6002575BA /* JSONNode.h */ = {isa = PBXFileReference; fileEncoding = 4; lastKnownFileType = sourcecode.c.h; path = JSONNode.h; sourceTree = "<group>"; };
		BA0143D712318DD6002575BA /* JSONNode_Mutex.cpp */ = {isa = PBXFileReference; fileEncoding = 4; lastKnownFileType = sourcecode.cpp.cpp; path = JSONNode_Mutex.cpp; sourceTree = "<group>"; };
		BA0143D812318DD6002575BA /* JSONWorker.cpp */ = {isa = PBXFileReference; fileEncoding = 4; lastKnownFileType = sourcecode.cpp.cpp; path = JSONWorker.cpp; sourceTree = "<group>"; };
		BA0143D912318DD6002575BA /* JSONWorker.h */ = {isa = PBXFileReference; fileEncoding = 4; lastKnownFileType = sourcecode.c.h; path = JSONWorker.h; sourceTree = "<group>"; };
		BA0143DA12318DD6002575BA /* JSONWriter.cpp */ = {isa = PBXFileReference; fileEncoding = 4; lastKnownFileType = sourcecode.cpp.cpp; path = JSONWriter.cpp; sourceTree = "<group>"; };
		BA0143DB12318DD6002575BA /* libJSON.cpp */ = {isa = PBXFileReference; fileEncoding = 4; lastKnownFileType = sourcecode.cpp.cpp; path = libJSON.cpp; sourceTree = "<group>"; };
		BA0143DC12318DD6002575BA /* NumberToString.h */ = {isa = PBXFileReference; fileEncoding = 4; lastKnownFileType = sourcecode.c.h; path = NumberToString.h; sourceTree = "<group>"; };
		BA0143EE12318DD6002575BA /* main.cpp */ = {isa = PBXFileReference; fileEncoding = 4; lastKnownFileType = sourcecode.cpp.cpp; path = main.cpp; sourceTree = "<group>"; };
		BA0143EF12318DD6002575BA /* TestAssign.cpp */ = {isa = PBXFileReference; fileEncoding = 4; lastKnownFileType = sourcecode.cpp.cpp; path = TestAssign.cpp; sourceTree = "<group>"; };
		BA0143F012318DD6002575BA /* TestChildren.cpp */ = {isa = PBXFileReference; fileEncoding = 4; lastKnownFileType = sourcecode.cpp.cpp; path = TestChildren.cpp; sourceTree = "<group>"; };
		BA0143F112318DD6002575BA /* TestComments.cpp */ = {isa = PBXFileReference; fileEncoding = 4; lastKnownFileType = sourcecode.cpp.cpp; path = TestComments.cpp; sourceTree = "<group>"; };
		BA0143F212318DD6002575BA /* TestConverters.cpp */ = {isa = PBXFileReference; fileEncoding = 4; lastKnownFileType = sourcecode.cpp.cpp; path = TestConverters.cpp; sourceTree = "<group>"; };
		BA0143F312318DD6002575BA /* TestCtors.cpp */ = {isa = PBXFileReference; fileEncoding = 4; lastKnownFileType = sourcecode.cpp.cpp; path = TestCtors.cpp; sourceTree = "<group>"; };
		BA0143F412318DD6002575BA /* TestEquality.cpp */ = {isa = PBXFileReference; fileEncoding = 4; lastKnownFileType = sourcecode.cpp.cpp; path = TestEquality.cpp; sourceTree = "<group>"; };
		BA0143F512318DD6002575BA /* TestFunctions.cpp */ = {isa = PBXFileReference; fileEncoding = 4; lastKnownFileType = sourcecode.cpp.cpp; path = TestFunctions.cpp; sourceTree = "<group>"; };
		BA0143F612318DD6002575BA /* TestInequality.cpp */ = {isa = PBXFileReference; fileEncoding = 4; lastKnownFileType = sourcecode.cpp.cpp; path = TestInequality.cpp; sourceTree = "<group>"; };
		BA0143F712318DD6002575BA /* TestInspectors.cpp */ = {isa = PBXFileReference; fileEncoding = 4; lastKnownFileType = sourcecode.cpp.cpp; path = TestInspectors.cpp; sourceTree = "<group>"; };
		BA0143F812318DD6002575BA /* TestIterators.cpp */ = {isa = PBXFileReference; fileEncoding = 4; lastKnownFileType = sourcecode.cpp.cpp; path = TestIterators.cpp; sourceTree = "<group>"; };
		BA0143F912318DD6002575BA /* TestMutex.cpp */ = {isa = PBXFileReference; fileEncoding = 4; lastKnownFileType = sourcecode.cpp.cpp; path = TestMutex.cpp; sourceTree = "<group>"; };
		BA0143FA12318DD6002575BA /* TestNamespace.cpp */ = {isa = PBXFileReference; fileEncoding = 4; lastKnownFileType = sourcecode.cpp.cpp; path = TestNamespace.cpp; sourceTree = "<group>"; };
		BA0143FB12318DD6002575BA /* TestRefCounting.cpp */ = {isa = PBXFileReference; fileEncoding = 4; lastKnownFileType = sourcecode.cpp.cpp; path = TestRefCounting.cpp; sourceTree = "<group>"; };
		BA0143FD12318DD6002575BA /* TestSuite.cpp */ = {isa = PBXFileReference; fileEncoding = 4; lastKnownFileType = sourcecode.cpp.cpp; path = TestSuite.cpp; sourceTree = "<group>"; };
		BA0143FE12318DD6002575BA /* TestSuite.h */ = {isa = PBXFileReference; fileEncoding = 4; lastKnownFileType = sourcecode.c.h; path = TestSuite.h; sourceTree = "<group>"; };
		BA01440212318DD6002575BA /* TestWriter.cpp */ = {isa = PBXFileReference; fileEncoding = 4; lastKnownFileType = sourcecode.cpp.cpp; path = TestWriter.cpp; sourceTree = "<group>"; };
		BA01440312318DD6002575BA /* UnitTest.cpp */ = {isa = PBXFileReference; fileEncoding = 4; lastKnownFileType = sourcecode.cpp.cpp; path = UnitTest.cpp; sourceTree = "<group>"; };
		BA01440412318DD6002575BA /* UnitTest.h */ = {isa = PBXFileReference; fileEncoding = 4; lastKnownFileType = sourcecode.c.h; path = UnitTest.h; sourceTree = "<group>"; };
		BAAB76C61232AFB100EA97E4 /* makefile */ = {isa = PBXFileReference; fileEncoding = 4; lastKnownFileType = sourcecode.make; path = makefile; sourceTree = "<group>"; };
		C6859E8B029090EE04C91782 /* TestSuite.1 */ = {isa = PBXFileReference; lastKnownFileType = text.man; path = TestSuite.1; sourceTree = "<group>"; };
/* End PBXFileReference section */

/* Begin PBXFrameworksBuildPhase section */
		8DD76F660486A84900D96B5E /* Frameworks */ = {
			isa = PBXFrameworksBuildPhase;
			buildActionMask = 2147483647;
			files = (
			);
			runOnlyForDeploymentPostprocessing = 0;
		};
/* End PBXFrameworksBuildPhase section */

/* Begin PBXGroup section */
		08FB7794FE84155DC02AAC07 /* TestSuite */ = {
			isa = PBXGroup;
			children = (
				BA0143C612318DD6002575BA /* JSONOptions.h */,
				BA0143C712318DD6002575BA /* libJSON.h */,
				BA0143C812318DD6002575BA /* Source */,
				BA0143DD12318DD6002575BA /* TestSuite */,
				C6859E8C029090F304C91782 /* Documentation */,
				1AB674ADFE9D54B511CA2CBB /* Products */,
				BAAB76C61232AFB100EA97E4 /* makefile */,
			);
			name = TestSuite;
			sourceTree = "<group>";
		};
		1AB674ADFE9D54B511CA2CBB /* Products */ = {
			isa = PBXGroup;
			children = (
				8DD76F6C0486A84900D96B5E /* TestSuite */,
			);
			name = Products;
			sourceTree = "<group>";
		};
		BA0143C812318DD6002575BA /* Source */ = {
			isa = PBXGroup;
			children = (
				BA0143C912318DD6002575BA /* internalJSONNode.cpp */,
				BA0143CA12318DD6002575BA /* internalJSONNode.h */,
				BA0143CB12318DD6002575BA /* JSON_Base64.cpp */,
				BA0143CC12318DD6002575BA /* JSON_Base64.h */,
				BA0143CD12318DD6002575BA /* JSONChildren.cpp */,
				BA0143CE12318DD6002575BA /* JSONChildren.h */,
				BA0143CF12318DD6002575BA /* JSONDebug.cpp */,
				BA0143D012318DD6002575BA /* JSONDebug.h */,
				BA0143D112318DD6002575BA /* JSONDefs.h */,
				BA0143D212318DD6002575BA /* JSONIterators.cpp */,
				BA0143D312318DD6002575BA /* JSONMemory.cpp */,
				BA0143D412318DD6002575BA /* JSONMemory.h */,
				BA0143D512318DD6002575BA /* JSONNode.cpp */,
				BA0143D612318DD6002575BA /* JSONNode.h */,
				BA0143D712318DD6002575BA /* JSONNode_Mutex.cpp */,
				BA0143D812318DD6002575BA /* JSONWorker.cpp */,
				BA0143D912318DD6002575BA /* JSONWorker.h */,
				BA0143DA12318DD6002575BA /* JSONWriter.cpp */,
				BA0143DB12318DD6002575BA /* libJSON.cpp */,
				BA0143DC12318DD6002575BA /* NumberToString.h */,
			);
			name = Source;
			path = ../Source;
			sourceTree = SOURCE_ROOT;
		};
		BA0143DD12318DD6002575BA /* TestSuite */ = {
			isa = PBXGroup;
			children = (
				BA0143EE12318DD6002575BA /* main.cpp */,
				BA0143EF12318DD6002575BA /* TestAssign.cpp */,
				BA0143F012318DD6002575BA /* TestChildren.cpp */,
				BA0143F112318DD6002575BA /* TestComments.cpp */,
				BA0143F212318DD6002575BA /* TestConverters.cpp */,
				BA0143F312318DD6002575BA /* TestCtors.cpp */,
				BA0143F412318DD6002575BA /* TestEquality.cpp */,
				BA0143F512318DD6002575BA /* TestFunctions.cpp */,
				BA0143F612318DD6002575BA /* TestInequality.cpp */,
				BA0143F712318DD6002575BA /* TestInspectors.cpp */,
				BA0143F812318DD6002575BA /* TestIterators.cpp */,
				BA0143F912318DD6002575BA /* TestMutex.cpp */,
				BA0143FA12318DD6002575BA /* TestNamespace.cpp */,
				BA0143FB12318DD6002575BA /* TestRefCounting.cpp */,
				BA0143FD12318DD6002575BA /* TestSuite.cpp */,
				BA0143FE12318DD6002575BA /* TestSuite.h */,
				BA01440212318DD6002575BA /* TestWriter.cpp */,
				BA01440312318DD6002575BA /* UnitTest.cpp */,
				BA01440412318DD6002575BA /* UnitTest.h */,
			);
			name = TestSuite;
			sourceTree = "<group>";
		};
		C6859E8C029090F304C91782 /* Documentation */ = {
			isa = PBXGroup;
			children = (
				C6859E8B029090EE04C91782 /* TestSuite.1 */,
			);
			name = Documentation;
			sourceTree = "<group>";
		};
/* End PBXGroup section */

/* Begin PBXNativeTarget section */
		8DD76F620486A84900D96B5E /* TestSuite */ = {
			isa = PBXNativeTarget;
			buildConfigurationList = 1DEB923108733DC60010E9CD /* Build configuration list for PBXNativeTarget "TestSuite" */;
			buildPhases = (
				8DD76F640486A84900D96B5E /* Sources */,
				8DD76F660486A84900D96B5E /* Frameworks */,
				8DD76F690486A84900D96B5E /* CopyFiles */,
			);
			buildRules = (
			);
			dependencies = (
			);
			name = TestSuite;
			productInstallPath = "$(HOME)/bin";
			productName = TestSuite;
			productReference = 8DD76F6C0486A84900D96B5E /* TestSuite */;
			productType = "com.apple.product-type.tool";
		};
/* End PBXNativeTarget section */

/* Begin PBXProject section */
		08FB7793FE84155DC02AAC07 /* Project object */ = {
			isa = PBXProject;
			buildConfigurationList = 1DEB923508733DC60010E9CD /* Build configuration list for PBXProject "TestSuite" */;
			compatibilityVersion = "Xcode 3.1";
			developmentRegion = English;
			hasScannedForEncodings = 1;
			knownRegions = (
				English,
				Japanese,
				French,
				German,
			);
			mainGroup = 08FB7794FE84155DC02AAC07 /* TestSuite */;
			projectDirPath = "";
			projectRoot = "";
			targets = (
				8DD76F620486A84900D96B5E /* TestSuite */,
			);
		};
/* End PBXProject section */

/* Begin PBXSourcesBuildPhase section */
		8DD76F640486A84900D96B5E /* Sources */ = {
			isa = PBXSourcesBuildPhase;
			buildActionMask = 2147483647;
			files = (
				BA01440512318DD6002575BA /* internalJSONNode.cpp in Sources */,
				BA01440612318DD6002575BA /* JSON_Base64.cpp in Sources */,
				BA01440712318DD6002575BA /* JSONChildren.cpp in Sources */,
				BA01440812318DD6002575BA /* JSONDebug.cpp in Sources */,
				BA01440912318DD6002575BA /* JSONIterators.cpp in Sources */,
				BA01440A12318DD6002575BA /* JSONMemory.cpp in Sources */,
				BA01440B12318DD6002575BA /* JSONNode.cpp in Sources */,
				BA01440C12318DD6002575BA /* JSONNode_Mutex.cpp in Sources */,
				BA01440D12318DD6002575BA /* JSONWorker.cpp in Sources */,
				BA01440E12318DD6002575BA /* JSONWriter.cpp in Sources */,
				BA01440F12318DD6002575BA /* libJSON.cpp in Sources */,
				BA01441012318DD6002575BA /* main.cpp in Sources */,
				BA01441112318DD6002575BA /* TestAssign.cpp in Sources */,
				BA01441212318DD6002575BA /* TestChildren.cpp in Sources */,
				BA01441312318DD6002575BA /* TestComments.cpp in Sources */,
				BA01441412318DD6002575BA /* TestConverters.cpp in Sources */,
				BA01441512318DD6002575BA /* TestCtors.cpp in Sources */,
				BA01441612318DD6002575BA /* TestEquality.cpp in Sources */,
				BA01441712318DD6002575BA /* TestFunctions.cpp in Sources */,
				BA01441812318DD6002575BA /* TestInequality.cpp in Sources */,
				BA01441912318DD6002575BA /* TestInspectors.cpp in Sources */,
				BA01441A12318DD6002575BA /* TestIterators.cpp in Sources */,
				BA01441B12318DD6002575BA /* TestMutex.cpp in Sources */,
				BA01441C12318DD6002575BA /* TestNamespace.cpp in Sources */,
				BA01441D12318DD6002575BA /* TestRefCounting.cpp in Sources */,
				BA01441E12318DD6002575BA /* TestSuite.cpp in Sources */,
				BA01441F12318DD6002575BA /* TestWriter.cpp in Sources */,
				BA01442012318DD6002575BA /* UnitTest.cpp in Sources */,
			);
			runOnlyForDeploymentPostprocessing = 0;
		};
/* End PBXSourcesBuildPhase section */

/* Begin XCBuildConfiguration section */
		1DEB923208733DC60010E9CD /* Debug */ = {
			isa = XCBuildConfiguration;
			buildSettings = {
				ALWAYS_SEARCH_USER_PATHS = NO;
				COPY_PHASE_STRIP = NO;
				GCC_DYNAMIC_NO_PIC = NO;
				GCC_ENABLE_FIX_AND_CONTINUE = YES;
				GCC_MODEL_TUNING = G5;
				GCC_OPTIMIZATION_LEVEL = 0;
				INSTALL_PATH = /usr/local/bin;
				PRODUCT_NAME = TestSuite;
			};
			name = Debug;
		};
		1DEB923308733DC60010E9CD /* Release */ = {
			isa = XCBuildConfiguration;
			buildSettings = {
				ALWAYS_SEARCH_USER_PATHS = NO;
				DEBUG_INFORMATION_FORMAT = "dwarf-with-dsym";
				GCC_MODEL_TUNING = G5;
				INSTALL_PATH = /usr/local/bin;
				PRODUCT_NAME = TestSuite;
			};
			name = Release;
		};
		1DEB923608733DC60010E9CD /* Debug */ = {
			isa = XCBuildConfiguration;
			buildSettings = {
				ARCHS = "$(ARCHS_STANDARD_32_64_BIT)";
				GCC_C_LANGUAGE_STANDARD = gnu99;
				GCC_OPTIMIZATION_LEVEL = 0;
				GCC_WARN_ABOUT_RETURN_TYPE = YES;
				GCC_WARN_UNUSED_VARIABLE = YES;
				ONLY_ACTIVE_ARCH = YES;
				PREBINDING = NO;
				SDKROOT = macosx10.6;
			};
			name = Debug;
		};
		1DEB923708733DC60010E9CD /* Release */ = {
			isa = XCBuildConfiguration;
			buildSettings = {
				ARCHS = "$(ARCHS_STANDARD_32_64_BIT)";
				GCC_C_LANGUAGE_STANDARD = gnu99;
				GCC_WARN_ABOUT_RETURN_TYPE = YES;
				GCC_WARN_UNUSED_VARIABLE = YES;
				PREBINDING = NO;
				SDKROOT = macosx10.6;
			};
			name = Release;
		};
/* End XCBuildConfiguration section */

/* Begin XCConfigurationList section */
		1DEB923108733DC60010E9CD /* Build configuration list for PBXNativeTarget "TestSuite" */ = {
			isa = XCConfigurationList;
			buildConfigurations = (
				1DEB923208733DC60010E9CD /* Debug */,
				1DEB923308733DC60010E9CD /* Release */,
			);
			defaultConfigurationIsVisible = 0;
			defaultConfigurationName = Release;
		};
		1DEB923508733DC60010E9CD /* Build configuration list for PBXProject "TestSuite" */ = {
			isa = XCConfigurationList;
			buildConfigurations = (
				1DEB923608733DC60010E9CD /* Debug */,
				1DEB923708733DC60010E9CD /* Release */,
			);
			defaultConfigurationIsVisible = 0;
			defaultConfigurationName = Release;
		};
/* End XCConfigurationList section */
	};
	rootObject = 08FB7793FE84155DC02AAC07 /* Project object */;
}
